// !$*UTF8*$!
{
	archiveVersion = 1;
	classes = {
	};
	objectVersion = 48;
	objects = {

/* Begin PBXBuildFile section */
		913427BB1FBA08FE004D759C /* Basic.tex in Resources */ = {isa = PBXBuildFile; fileRef = 913427BA1FBA08FE004D759C /* Basic.tex */; };
		913427BD1FBA0E28004D759C /* Grayscale.tex in Resources */ = {isa = PBXBuildFile; fileRef = 913427BC1FBA0E27004D759C /* Grayscale.tex */; };
		913F28A71F8D1DBB00E8FEEA /* AppDelegate.swift in Sources */ = {isa = PBXBuildFile; fileRef = 913F28A61F8D1DBB00E8FEEA /* AppDelegate.swift */; };
		913F28AB1F8D1DBB00E8FEEA /* Assets.xcassets in Resources */ = {isa = PBXBuildFile; fileRef = 913F28AA1F8D1DBB00E8FEEA /* Assets.xcassets */; };
		913F28AE1F8D1DBB00E8FEEA /* Main.storyboard in Resources */ = {isa = PBXBuildFile; fileRef = 913F28AC1F8D1DBB00E8FEEA /* Main.storyboard */; };
		913F28B71F8D1DFA00E8FEEA /* WaterfallViewController.swift in Sources */ = {isa = PBXBuildFile; fileRef = 913F28B61F8D1DFA00E8FEEA /* WaterfallViewController.swift */; };
		913F28BB1F8D1E6500E8FEEA /* WaterfallShaders.metal in Sources */ = {isa = PBXBuildFile; fileRef = 913F28B81F8D1E6500E8FEEA /* WaterfallShaders.metal */; };
		913F28BC1F8D1E6500E8FEEA /* WaterfallView.swift in Sources */ = {isa = PBXBuildFile; fileRef = 913F28B91F8D1E6500E8FEEA /* WaterfallView.swift */; };
		913F28BD1F8D1E6500E8FEEA /* WaterfallLayer.swift in Sources */ = {isa = PBXBuildFile; fileRef = 913F28BA1F8D1E6500E8FEEA /* WaterfallLayer.swift */; };
/* End PBXBuildFile section */

/* Begin PBXFileReference section */
		913427BA1FBA08FE004D759C /* Basic.tex */ = {isa = PBXFileReference; lastKnownFileType = file; path = Basic.tex; sourceTree = "<group>"; };
		913427BC1FBA0E27004D759C /* Grayscale.tex */ = {isa = PBXFileReference; lastKnownFileType = file; path = Grayscale.tex; sourceTree = "<group>"; };
		913F28A31F8D1DBB00E8FEEA /* Waterfall.app */ = {isa = PBXFileReference; explicitFileType = wrapper.application; includeInIndex = 0; path = Waterfall.app; sourceTree = BUILT_PRODUCTS_DIR; };
		913F28A61F8D1DBB00E8FEEA /* AppDelegate.swift */ = {isa = PBXFileReference; lastKnownFileType = sourcecode.swift; path = AppDelegate.swift; sourceTree = "<group>"; };
		913F28AA1F8D1DBB00E8FEEA /* Assets.xcassets */ = {isa = PBXFileReference; lastKnownFileType = folder.assetcatalog; path = Assets.xcassets; sourceTree = "<group>"; };
		913F28AD1F8D1DBB00E8FEEA /* Base */ = {isa = PBXFileReference; lastKnownFileType = file.storyboard; name = Base; path = Base.lproj/Main.storyboard; sourceTree = "<group>"; };
		913F28AF1F8D1DBB00E8FEEA /* Info.plist */ = {isa = PBXFileReference; lastKnownFileType = text.plist.xml; path = Info.plist; sourceTree = "<group>"; };
		913F28B01F8D1DBB00E8FEEA /* Waterfall.entitlements */ = {isa = PBXFileReference; lastKnownFileType = text.plist.entitlements; path = Waterfall.entitlements; sourceTree = "<group>"; };
		913F28B61F8D1DFA00E8FEEA /* WaterfallViewController.swift */ = {isa = PBXFileReference; fileEncoding = 4; lastKnownFileType = sourcecode.swift; path = WaterfallViewController.swift; sourceTree = "<group>"; };
		913F28B81F8D1E6500E8FEEA /* WaterfallShaders.metal */ = {isa = PBXFileReference; fileEncoding = 4; lastKnownFileType = sourcecode.metal; path = WaterfallShaders.metal; sourceTree = "<group>"; };
		913F28B91F8D1E6500E8FEEA /* WaterfallView.swift */ = {isa = PBXFileReference; fileEncoding = 4; lastKnownFileType = sourcecode.swift; path = WaterfallView.swift; sourceTree = "<group>"; };
		913F28BA1F8D1E6500E8FEEA /* WaterfallLayer.swift */ = {isa = PBXFileReference; fileEncoding = 4; lastKnownFileType = sourcecode.swift; path = WaterfallLayer.swift; sourceTree = "<group>"; };
/* End PBXFileReference section */

/* Begin PBXFrameworksBuildPhase section */
		913F28A01F8D1DBB00E8FEEA /* Frameworks */ = {
			isa = PBXFrameworksBuildPhase;
			buildActionMask = 2147483647;
			files = (
			);
			runOnlyForDeploymentPostprocessing = 0;
		};
/* End PBXFrameworksBuildPhase section */

/* Begin PBXGroup section */
		913F289A1F8D1DBB00E8FEEA = {
			isa = PBXGroup;
			children = (
				913F28A51F8D1DBB00E8FEEA /* Waterfall */,
				913F28A41F8D1DBB00E8FEEA /* Products */,
			);
			sourceTree = "<group>";
		};
		913F28A41F8D1DBB00E8FEEA /* Products */ = {
			isa = PBXGroup;
			children = (
				913F28A31F8D1DBB00E8FEEA /* Waterfall.app */,
			);
			name = Products;
			sourceTree = "<group>";
		};
		913F28A51F8D1DBB00E8FEEA /* Waterfall */ = {
			isa = PBXGroup;
			children = (
				913427BC1FBA0E27004D759C /* Grayscale.tex */,
				913427BA1FBA08FE004D759C /* Basic.tex */,
				913F28A61F8D1DBB00E8FEEA /* AppDelegate.swift */,
				913F28AA1F8D1DBB00E8FEEA /* Assets.xcassets */,
				913F28AF1F8D1DBB00E8FEEA /* Info.plist */,
				913F28AC1F8D1DBB00E8FEEA /* Main.storyboard */,
				913F28B01F8D1DBB00E8FEEA /* Waterfall.entitlements */,
				913F28BA1F8D1E6500E8FEEA /* WaterfallLayer.swift */,
				913F28B81F8D1E6500E8FEEA /* WaterfallShaders.metal */,
				913F28B91F8D1E6500E8FEEA /* WaterfallView.swift */,
				913F28B61F8D1DFA00E8FEEA /* WaterfallViewController.swift */,
			);
			path = Waterfall;
			sourceTree = "<group>";
		};
/* End PBXGroup section */

/* Begin PBXNativeTarget section */
		913F28A21F8D1DBB00E8FEEA /* Waterfall */ = {
			isa = PBXNativeTarget;
			buildConfigurationList = 913F28B31F8D1DBB00E8FEEA /* Build configuration list for PBXNativeTarget "Waterfall" */;
			buildPhases = (
				913F289F1F8D1DBB00E8FEEA /* Sources */,
				913F28A01F8D1DBB00E8FEEA /* Frameworks */,
				913F28A11F8D1DBB00E8FEEA /* Resources */,
			);
			buildRules = (
			);
			dependencies = (
			);
			name = Waterfall;
			productName = Waterfall;
			productReference = 913F28A31F8D1DBB00E8FEEA /* Waterfall.app */;
			productType = "com.apple.product-type.application";
		};
/* End PBXNativeTarget section */

/* Begin PBXProject section */
		913F289B1F8D1DBB00E8FEEA /* Project object */ = {
			isa = PBXProject;
			attributes = {
				LastSwiftUpdateCheck = 0900;
				LastUpgradeCheck = 0900;
				ORGANIZATIONNAME = "Douglas Adams";
				TargetAttributes = {
					913F28A21F8D1DBB00E8FEEA = {
						CreatedOnToolsVersion = 9.0;
						ProvisioningStyle = Automatic;
					};
				};
			};
			buildConfigurationList = 913F289E1F8D1DBB00E8FEEA /* Build configuration list for PBXProject "Waterfall" */;
			compatibilityVersion = "Xcode 8.0";
			developmentRegion = en;
			hasScannedForEncodings = 0;
			knownRegions = (
				en,
				Base,
			);
			mainGroup = 913F289A1F8D1DBB00E8FEEA;
			productRefGroup = 913F28A41F8D1DBB00E8FEEA /* Products */;
			projectDirPath = "";
			projectRoot = "";
			targets = (
				913F28A21F8D1DBB00E8FEEA /* Waterfall */,
			);
		};
/* End PBXProject section */

/* Begin PBXResourcesBuildPhase section */
		913F28A11F8D1DBB00E8FEEA /* Resources */ = {
			isa = PBXResourcesBuildPhase;
			buildActionMask = 2147483647;
			files = (
				913F28AB1F8D1DBB00E8FEEA /* Assets.xcassets in Resources */,
				913427BB1FBA08FE004D759C /* Basic.tex in Resources */,
				913F28AE1F8D1DBB00E8FEEA /* Main.storyboard in Resources */,
				913427BD1FBA0E28004D759C /* Grayscale.tex in Resources */,
			);
			runOnlyForDeploymentPostprocessing = 0;
		};
/* End PBXResourcesBuildPhase section */

/* Begin PBXSourcesBuildPhase section */
		913F289F1F8D1DBB00E8FEEA /* Sources */ = {
			isa = PBXSourcesBuildPhase;
			buildActionMask = 2147483647;
			files = (
				913F28A71F8D1DBB00E8FEEA /* AppDelegate.swift in Sources */,
				913F28BB1F8D1E6500E8FEEA /* WaterfallShaders.metal in Sources */,
				913F28BD1F8D1E6500E8FEEA /* WaterfallLayer.swift in Sources */,
				913F28B71F8D1DFA00E8FEEA /* WaterfallViewController.swift in Sources */,
				913F28BC1F8D1E6500E8FEEA /* WaterfallView.swift in Sources */,
			);
			runOnlyForDeploymentPostprocessing = 0;
		};
/* End PBXSourcesBuildPhase section */

/* Begin PBXVariantGroup section */
		913F28AC1F8D1DBB00E8FEEA /* Main.storyboard */ = {
			isa = PBXVariantGroup;
			children = (
				913F28AD1F8D1DBB00E8FEEA /* Base */,
			);
			name = Main.storyboard;
			sourceTree = "<group>";
		};
/* End PBXVariantGroup section */

/* Begin XCBuildConfiguration section */
		913F28B11F8D1DBB00E8FEEA /* Debug */ = {
			isa = XCBuildConfiguration;
			buildSettings = {
				ALWAYS_SEARCH_USER_PATHS = NO;
				CLANG_ANALYZER_NONNULL = YES;
				CLANG_ANALYZER_NUMBER_OBJECT_CONVERSION = YES_AGGRESSIVE;
				CLANG_CXX_LANGUAGE_STANDARD = "gnu++14";
				CLANG_CXX_LIBRARY = "libc++";
				CLANG_ENABLE_MODULES = YES;
				CLANG_ENABLE_OBJC_ARC = YES;
				CLANG_WARN_BLOCK_CAPTURE_AUTORELEASING = YES;
				CLANG_WARN_BOOL_CONVERSION = YES;
				CLANG_WARN_COMMA = YES;
				CLANG_WARN_CONSTANT_CONVERSION = YES;
				CLANG_WARN_DIRECT_OBJC_ISA_USAGE = YES_ERROR;
				CLANG_WARN_DOCUMENTATION_COMMENTS = YES;
				CLANG_WARN_EMPTY_BODY = YES;
				CLANG_WARN_ENUM_CONVERSION = YES;
				CLANG_WARN_INFINITE_RECURSION = YES;
				CLANG_WARN_INT_CONVERSION = YES;
				CLANG_WARN_NON_LITERAL_NULL_CONVERSION = YES;
				CLANG_WARN_OBJC_LITERAL_CONVERSION = YES;
				CLANG_WARN_OBJC_ROOT_CLASS = YES_ERROR;
				CLANG_WARN_RANGE_LOOP_ANALYSIS = YES;
				CLANG_WARN_STRICT_PROTOTYPES = YES;
				CLANG_WARN_SUSPICIOUS_MOVE = YES;
				CLANG_WARN_UNGUARDED_AVAILABILITY = YES_AGGRESSIVE;
				CLANG_WARN_UNREACHABLE_CODE = YES;
				CLANG_WARN__DUPLICATE_METHOD_MATCH = YES;
				CODE_SIGN_IDENTITY = "-";
				COPY_PHASE_STRIP = NO;
				DEBUG_INFORMATION_FORMAT = dwarf;
				ENABLE_STRICT_OBJC_MSGSEND = YES;
				ENABLE_TESTABILITY = YES;
				GCC_C_LANGUAGE_STANDARD = gnu11;
				GCC_DYNAMIC_NO_PIC = NO;
				GCC_NO_COMMON_BLOCKS = YES;
				GCC_OPTIMIZATION_LEVEL = 0;
				GCC_PREPROCESSOR_DEFINITIONS = (
					"DEBUG=1",
					"$(inherited)",
				);
				GCC_WARN_64_TO_32_BIT_CONVERSION = YES;
				GCC_WARN_ABOUT_RETURN_TYPE = YES_ERROR;
				GCC_WARN_UNDECLARED_SELECTOR = YES;
				GCC_WARN_UNINITIALIZED_AUTOS = YES_AGGRESSIVE;
				GCC_WARN_UNUSED_FUNCTION = YES;
				GCC_WARN_UNUSED_VARIABLE = YES;
				MACOSX_DEPLOYMENT_TARGET = 10.13;
				MTL_ENABLE_DEBUG_INFO = YES;
				ONLY_ACTIVE_ARCH = YES;
				SDKROOT = macosx;
				SWIFT_ACTIVE_COMPILATION_CONDITIONS = DEBUG;
				SWIFT_OPTIMIZATION_LEVEL = "-Onone";
			};
			name = Debug;
		};
		913F28B21F8D1DBB00E8FEEA /* Release */ = {
			isa = XCBuildConfiguration;
			buildSettings = {
				ALWAYS_SEARCH_USER_PATHS = NO;
				CLANG_ANALYZER_NONNULL = YES;
				CLANG_ANALYZER_NUMBER_OBJECT_CONVERSION = YES_AGGRESSIVE;
				CLANG_CXX_LANGUAGE_STANDARD = "gnu++14";
				CLANG_CXX_LIBRARY = "libc++";
				CLANG_ENABLE_MODULES = YES;
				CLANG_ENABLE_OBJC_ARC = YES;
				CLANG_WARN_BLOCK_CAPTURE_AUTORELEASING = YES;
				CLANG_WARN_BOOL_CONVERSION = YES;
				CLANG_WARN_COMMA = YES;
				CLANG_WARN_CONSTANT_CONVERSION = YES;
				CLANG_WARN_DIRECT_OBJC_ISA_USAGE = YES_ERROR;
				CLANG_WARN_DOCUMENTATION_COMMENTS = YES;
				CLANG_WARN_EMPTY_BODY = YES;
				CLANG_WARN_ENUM_CONVERSION = YES;
				CLANG_WARN_INFINITE_RECURSION = YES;
				CLANG_WARN_INT_CONVERSION = YES;
				CLANG_WARN_NON_LITERAL_NULL_CONVERSION = YES;
				CLANG_WARN_OBJC_LITERAL_CONVERSION = YES;
				CLANG_WARN_OBJC_ROOT_CLASS = YES_ERROR;
				CLANG_WARN_RANGE_LOOP_ANALYSIS = YES;
				CLANG_WARN_STRICT_PROTOTYPES = YES;
				CLANG_WARN_SUSPICIOUS_MOVE = YES;
				CLANG_WARN_UNGUARDED_AVAILABILITY = YES_AGGRESSIVE;
				CLANG_WARN_UNREACHABLE_CODE = YES;
				CLANG_WARN__DUPLICATE_METHOD_MATCH = YES;
				CODE_SIGN_IDENTITY = "-";
				COPY_PHASE_STRIP = NO;
				DEBUG_INFORMATION_FORMAT = "dwarf-with-dsym";
				ENABLE_NS_ASSERTIONS = NO;
				ENABLE_STRICT_OBJC_MSGSEND = YES;
				GCC_C_LANGUAGE_STANDARD = gnu11;
				GCC_NO_COMMON_BLOCKS = YES;
				GCC_WARN_64_TO_32_BIT_CONVERSION = YES;
				GCC_WARN_ABOUT_RETURN_TYPE = YES_ERROR;
				GCC_WARN_UNDECLARED_SELECTOR = YES;
				GCC_WARN_UNINITIALIZED_AUTOS = YES_AGGRESSIVE;
				GCC_WARN_UNUSED_FUNCTION = YES;
				GCC_WARN_UNUSED_VARIABLE = YES;
				MACOSX_DEPLOYMENT_TARGET = 10.13;
				MTL_ENABLE_DEBUG_INFO = NO;
				SDKROOT = macosx;
				SWIFT_OPTIMIZATION_LEVEL = "-Owholemodule";
			};
			name = Release;
		};
		913F28B41F8D1DBB00E8FEEA /* Debug */ = {
			isa = XCBuildConfiguration;
			buildSettings = {
				ASSETCATALOG_COMPILER_APPICON_NAME = AppIcon;
				CODE_SIGN_ENTITLEMENTS = Waterfall/Waterfall.entitlements;
				CODE_SIGN_STYLE = Automatic;
				COMBINE_HIDPI_IMAGES = YES;
				INFOPLIST_FILE = Waterfall/Info.plist;
				LD_RUNPATH_SEARCH_PATHS = "$(inherited) @executable_path/../Frameworks";
				MACOSX_DEPLOYMENT_TARGET = 10.11;
				PRODUCT_BUNDLE_IDENTIFIER = net.k3tzr.Waterfall;
				PRODUCT_NAME = "$(TARGET_NAME)";
				SWIFT_VERSION = 4.0;
			};
			name = Debug;
		};
		913F28B51F8D1DBB00E8FEEA /* Release */ = {
			isa = XCBuildConfiguration;
			buildSettings = {
				ASSETCATALOG_COMPILER_APPICON_NAME = AppIcon;
				CODE_SIGN_ENTITLEMENTS = Waterfall/Waterfall.entitlements;
				CODE_SIGN_STYLE = Automatic;
				COMBINE_HIDPI_IMAGES = YES;
				INFOPLIST_FILE = Waterfall/Info.plist;
				LD_RUNPATH_SEARCH_PATHS = "$(inherited) @executable_path/../Frameworks";
				MACOSX_DEPLOYMENT_TARGET = 10.11;
				PRODUCT_BUNDLE_IDENTIFIER = net.k3tzr.Waterfall;
				PRODUCT_NAME = "$(TARGET_NAME)";
				SWIFT_VERSION = 4.0;
			};
			name = Release;
		};
/* End XCBuildConfiguration section */

/* Begin XCConfigurationList section */
		913F289E1F8D1DBB00E8FEEA /* Build configuration list for PBXProject "Waterfall" */ = {
			isa = XCConfigurationList;
			buildConfigurations = (
				913F28B11F8D1DBB00E8FEEA /* Debug */,
				913F28B21F8D1DBB00E8FEEA /* Release */,
			);
			defaultConfigurationIsVisible = 0;
			defaultConfigurationName = Release;
		};
		913F28B31F8D1DBB00E8FEEA /* Build configuration list for PBXNativeTarget "Waterfall" */ = {
			isa = XCConfigurationList;
			buildConfigurations = (
				913F28B41F8D1DBB00E8FEEA /* Debug */,
				913F28B51F8D1DBB00E8FEEA /* Release */,
			);
			defaultConfigurationIsVisible = 0;
			defaultConfigurationName = Release;
		};
/* End XCConfigurationList section */
	};
	rootObject = 913F289B1F8D1DBB00E8FEEA /* Project object */;
}
